
Microsoft Visual Studio Solution File, Format Version 12.00
# Visual Studio 15
VisualStudioVersion = 15.0.28307.572
MinimumVisualStudioVersion = 10.0.40219.1
Project("{FAE04EC0-301F-11D3-BF4B-00C04F79EFBC}") = "TripleProject", "TripleProject\TripleProject.csproj", "{F1992CF6-39F8-494F-AC9E-5D49892EFD07}"
EndProject
Global
	GlobalSection(SolutionConfigurationPlatforms) = preSolution
		Debug|Any CPU = Debug|Any CPU
		Release|Any CPU = Release|Any CPU
	EndGlobalSection
	GlobalSection(ProjectConfigurationPlatforms) = postSolution
		{F1992CF6-39F8-494F-AC9E-5D49892EFD07}.Debug|Any CPU.ActiveCfg = Debug|Any CPU
		{F1992CF6-39F8-494F-AC9E-5D49892EFD07}.Debug|Any CPU.Build.0 = Debug|Any CPU
		{F1992CF6-39F8-494F-AC9E-5D49892EFD07}.Release|Any CPU.ActiveCfg = Release|Any CPU
		{F1992CF6-39F8-494F-AC9E-5D49892EFD07}.Release|Any CPU.Build.0 = Release|Any CPU
	EndGlobalSection
	GlobalSection(SolutionProperties) = preSolution
		HideSolutionNode = FALSE
	EndGlobalSection
	GlobalSection(ExtensibilityGlobals) = postSolution
		SolutionGuid = {05EF562E-A4E8-4673-9E23-6EF2692E86BC}
	EndGlobalSection
EndGlobal
